PODS:
  - file_selector_ios (0.0.1):
    - Flutter
  - Flutter (1.0.0)
  - flutter_pty (0.0.1):
    - Flutter
  - flutter_secure_storage_darwin (10.0.0):
    - Flutter
    - FlutterMacOS
  - package_info_plus (0.4.5):
    - Flutter
  - Sentry/HybridSDK (8.58.3)
  - sentry_flutter (9.21.0):
    - Flutter
    - FlutterMacOS
    - Sentry/HybridSDK (= 8.58.3)

DEPENDENCIES:
  - file_selector_ios (from `.symlinks/plugins/file_selector_ios/ios`)
  - Flutter (from `Flutter`)
  - flutter_pty (from `.symlinks/plugins/flutter_pty/ios`)
  - flutter_secure_storage_darwin (from `.symlinks/plugins/flutter_secure_storage_darwin/darwin`)
  - package_info_plus (from `.symlinks/plugins/package_info_plus/ios`)
  - sentry_flutter (from `.symlinks/plugins/sentry_flutter/ios`)

SPEC REPOS:
  trunk:
    - Sentry

EXTERNAL SOURCES:
  file_selector_ios:
    :path: ".symlinks/plugins/file_selector_ios/ios"
  Flutter:
    :path: Flutter
  flutter_pty:
    :path: ".symlinks/plugins/flutter_pty/ios"
  flutter_secure_storage_darwin:
    :path: ".symlinks/plugins/flutter_secure_storage_darwin/darwin"
  package_info_plus:
    :path: ".symlinks/plugins/package_info_plus/ios"
  sentry_flutter:
    :path: ".symlinks/plugins/sentry_flutter/ios"

SPEC CHECKSUMS:
  file_selector_ios: ec57ec07954363dd730b642e765e58f199bb621a
  Flutter: cabc95a1d2626b1b06e7179b784ebcf0c0cde467
  flutter_pty: 206742da6092b413cb683de17436c16d1f3c7997
  flutter_secure_storage_darwin: acdb3f316ed05a3e68f856e0353b133eec373a23
  package_info_plus: af8e2ca6888548050f16fa2f1938db7b5a5df499
  Sentry: 108fdbb76299c4189af12246bf0308c09c278922
  sentry_flutter: 32e67cb4756ce3de42bbd56581fa935922ff328f

PODFILE CHECKSUM: fb98732b762b71e0f7010d968cef4109fcf03159

COCOAPODS: 1.16.2
